# This file is automatically @generated by Cargo.
# It is not intended for manual editing.
[[package]]
name = "back"
version = "0.1.0"
dependencies = [
 "tt-call",
]

[[package]]
name = "tt-call"
version = "1.0.7"
source = "registry+https://github.com/rust-lang/crates.io-index"
checksum = "a879f817fb174ae8372f5bdb7f36b9f7e4a08c9b54a11277836101aa1911836e"
